// !$*UTF8*$!
{
	archiveVersion = 1;
	classes = {
	};
	objectVersion = 56;
	objects = {

/* Begin PBXBuildFile section */
		19E57EA72A699C4300D8639F /* AppDelegate.swift in Sources */ = {isa = PBXBuildFile; fileRef = 19E57EA62A699C4300D8639F /* AppDelegate.swift */; };
		19E57EA92A699C4300D8639F /* SceneDelegate.swift in Sources */ = {isa = PBXBuildFile; fileRef = 19E57EA82A699C4300D8639F /* SceneDelegate.swift */; };
		19E57EAB2A699C4300D8639F /* ViewController.swift in Sources */ = {isa = PBXBuildFile; fileRef = 19E57EAA2A699C4300D8639F /* ViewController.swift */; };
		19E57EAE2A699C4300D8639F /* Main.storyboard in Resources */ = {isa = PBXBuildFile; fileRef = 19E57EAC2A699C4300D8639F /* Main.storyboard */; };
		19E57EB02A699C4500D8639F /* Assets.xcassets in Resources */ = {isa = PBXBuildFile; fileRef = 19E57EAF2A699C4500D8639F /* Assets.xcassets */; };
		19E57EB32A699C4500D8639F /* LaunchScreen.storyboard in Resources */ = {isa = PBXBuildFile; fileRef = 19E57EB12A699C4500D8639F /* LaunchScreen.storyboard */; };
		19E57EBB2A699C6B00D8639F /* SessionWatcher.swift in Sources */ = {isa = PBXBuildFile; fileRef = 19E57EBA2A699C6B00D8639F /* SessionWatcher.swift */; };
		19E57EBD2A699E1E00D8639F /* main.swift in Sources */ = {isa = PBXBuildFile; fileRef = 19E57EBC2A699E1E00D8639F /* main.swift */; };
		19E57EBF2A69A3E500D8639F /* ShowScreenSaverViewController.swift in Sources */ = {isa = PBXBuildFile; fileRef = 19E57EBE2A69A3E500D8639F /* ShowScreenSaverViewController.swift */; };
		19E57F032A69B8FF00D8639F /* SecondVC.swift in Sources */ = {isa = PBXBuildFile; fileRef = 19E57F022A69B8FF00D8639F /* SecondVC.swift */; };
/* End PBXBuildFile section */

/* Begin PBXFileReference section */
		19E57EA32A699C4300D8639F /* SessionWatcher.app */ = {isa = PBXFileReference; explicitFileType = wrapper.application; includeInIndex = 0; path = SessionWatcher.app; sourceTree = BUILT_PRODUCTS_DIR; };
		19E57EA62A699C4300D8639F /* AppDelegate.swift */ = {isa = PBXFileReference; lastKnownFileType = sourcecode.swift; path = AppDelegate.swift; sourceTree = "<group>"; };
		19E57EA82A699C4300D8639F /* SceneDelegate.swift */ = {isa = PBXFileReference; lastKnownFileType = sourcecode.swift; path = SceneDelegate.swift; sourceTree = "<group>"; };
		19E57EAA2A699C4300D8639F /* ViewController.swift */ = {isa = PBXFileReference; lastKnownFileType = sourcecode.swift; path = ViewController.swift; sourceTree = "<group>"; };
		19E57EAD2A699C4300D8639F /* Base */ = {isa = PBXFileReference; lastKnownFileType = file.storyboard; name = Base; path = Base.lproj/Main.storyboard; sourceTree = "<group>"; };
		19E57EAF2A699C4500D8639F /* Assets.xcassets */ = {isa = PBXFileReference; lastKnownFileType = folder.assetcatalog; path = Assets.xcassets; sourceTree = "<group>"; };
		19E57EB22A699C4500D8639F /* Base */ = {isa = PBXFileReference; lastKnownFileType = file.storyboard; name = Base; path = Base.lproj/LaunchScreen.storyboard; sourceTree = "<group>"; };
		19E57EB42A699C4500D8639F /* Info.plist */ = {isa = PBXFileReference; lastKnownFileType = text.plist.xml; path = Info.plist; sourceTree = "<group>"; };
		19E57EBA2A699C6B00D8639F /* SessionWatcher.swift */ = {isa = PBXFileReference; lastKnownFileType = sourcecode.swift; path = SessionWatcher.swift; sourceTree = "<group>"; };
		19E57EBC2A699E1E00D8639F /* main.swift */ = {isa = PBXFileReference; lastKnownFileType = sourcecode.swift; path = main.swift; sourceTree = "<group>"; };
		19E57EBE2A69A3E500D8639F /* ShowScreenSaverViewController.swift */ = {isa = PBXFileReference; lastKnownFileType = sourcecode.swift; path = ShowScreenSaverViewController.swift; sourceTree = "<group>"; };
		19E57F022A69B8FF00D8639F /* SecondVC.swift */ = {isa = PBXFileReference; lastKnownFileType = sourcecode.swift; path = SecondVC.swift; sourceTree = "<group>"; };
/* End PBXFileReference section */

/* Begin PBXFrameworksBuildPhase section */
		19E57EA02A699C4300D8639F /* Frameworks */ = {
			isa = PBXFrameworksBuildPhase;
			buildActionMask = 2147483647;
			files = (
			);
			runOnlyForDeploymentPostprocessing = 0;
		};
/* End PBXFrameworksBuildPhase section */

/* Begin PBXGroup section */
		19E57E9A2A699C4300D8639F = {
			isa = PBXGroup;
			children = (
				19E57EA52A699C4300D8639F /* SessionWatcher */,
				19E57EA42A699C4300D8639F /* Products */,
			);
			sourceTree = "<group>";
		};
		19E57EA42A699C4300D8639F /* Products */ = {
			isa = PBXGroup;
			children = (
				19E57EA32A699C4300D8639F /* SessionWatcher.app */,
			);
			name = Products;
			sourceTree = "<group>";
		};
		19E57EA52A699C4300D8639F /* SessionWatcher */ = {
			isa = PBXGroup;
			children = (
				19E57EBC2A699E1E00D8639F /* main.swift */,
				19E57EBA2A699C6B00D8639F /* SessionWatcher.swift */,
				19E57EA62A699C4300D8639F /* AppDelegate.swift */,
				19E57EA82A699C4300D8639F /* SceneDelegate.swift */,
				19E57F022A69B8FF00D8639F /* SecondVC.swift */,
				19E57EBE2A69A3E500D8639F /* ShowScreenSaverViewController.swift */,
				19E57EAA2A699C4300D8639F /* ViewController.swift */,
				19E57EAC2A699C4300D8639F /* Main.storyboard */,
				19E57EAF2A699C4500D8639F /* Assets.xcassets */,
				19E57EB12A699C4500D8639F /* LaunchScreen.storyboard */,
				19E57EB42A699C4500D8639F /* Info.plist */,
			);
			path = SessionWatcher;
			sourceTree = "<group>";
		};
/* End PBXGroup section */

/* Begin PBXNativeTarget section */
		19E57EA22A699C4300D8639F /* SessionWatcher */ = {
			isa = PBXNativeTarget;
			buildConfigurationList = 19E57EB72A699C4500D8639F /* Build configuration list for PBXNativeTarget "SessionWatcher" */;
			buildPhases = (
				19E57E9F2A699C4300D8639F /* Sources */,
				19E57EA02A699C4300D8639F /* Frameworks */,
				19E57EA12A699C4300D8639F /* Resources */,
			);
			buildRules = (
			);
			dependencies = (
			);
			name = SessionWatcher;
			productName = SessionWatcher;
			productReference = 19E57EA32A699C4300D8639F /* SessionWatcher.app */;
			productType = "com.apple.product-type.application";
		};
/* End PBXNativeTarget section */

/* Begin PBXProject section */
		19E57E9B2A699C4300D8639F /* Project object */ = {
			isa = PBXProject;
			attributes = {
				BuildIndependentTargetsInParallel = 1;
				LastSwiftUpdateCheck = 1430;
				LastUpgradeCheck = 1430;
				TargetAttributes = {
					19E57EA22A699C4300D8639F = {
						CreatedOnToolsVersion = 14.3.1;
					};
				};
			};
			buildConfigurationList = 19E57E9E2A699C4300D8639F /* Build configuration list for PBXProject "SessionWatcher" */;
			compatibilityVersion = "Xcode 14.0";
			developmentRegion = en;
			hasScannedForEncodings = 0;
			knownRegions = (
				en,
				Base,
			);
			mainGroup = 19E57E9A2A699C4300D8639F;
			productRefGroup = 19E57EA42A699C4300D8639F /* Products */;
			projectDirPath = "";
			projectRoot = "";
			targets = (
				19E57EA22A699C4300D8639F /* SessionWatcher */,
			);
		};
/* End PBXProject section */

/* Begin PBXResourcesBuildPhase section */
		19E57EA12A699C4300D8639F /* Resources */ = {
			isa = PBXResourcesBuildPhase;
			buildActionMask = 2147483647;
			files = (
				19E57EB32A699C4500D8639F /* LaunchScreen.storyboard in Resources */,
				19E57EB02A699C4500D8639F /* Assets.xcassets in Resources */,
				19E57EAE2A699C4300D8639F /* Main.storyboard in Resources */,
			);
			runOnlyForDeploymentPostprocessing = 0;
		};
/* End PBXResourcesBuildPhase section */

/* Begin PBXSourcesBuildPhase section */
		19E57E9F2A699C4300D8639F /* Sources */ = {
			isa = PBXSourcesBuildPhase;
			buildActionMask = 2147483647;
			files = (
				19E57EAB2A699C4300D8639F /* ViewController.swift in Sources */,
				19E57EBF2A69A3E500D8639F /* ShowScreenSaverViewController.swift in Sources */,
				19E57F032A69B8FF00D8639F /* SecondVC.swift in Sources */,
				19E57EBD2A699E1E00D8639F /* main.swift in Sources */,
				19E57EBB2A699C6B00D8639F /* SessionWatcher.swift in Sources */,
				19E57EA72A699C4300D8639F /* AppDelegate.swift in Sources */,
				19E57EA92A699C4300D8639F /* SceneDelegate.swift in Sources */,
			);
			runOnlyForDeploymentPostprocessing = 0;
		};
/* End PBXSourcesBuildPhase section */

/* Begin PBXVariantGroup section */
		19E57EAC2A699C4300D8639F /* Main.storyboard */ = {
			isa = PBXVariantGroup;
			children = (
				19E57EAD2A699C4300D8639F /* Base */,
			);
			name = Main.storyboard;
			sourceTree = "<group>";
		};
		19E57EB12A699C4500D8639F /* LaunchScreen.storyboard */ = {
			isa = PBXVariantGroup;
			children = (
				19E57EB22A699C4500D8639F /* Base */,
			);
			name = LaunchScreen.storyboard;
			sourceTree = "<group>";
		};
/* End PBXVariantGroup section */

/* Begin XCBuildConfiguration section */
		19E57EB52A699C4500D8639F /* Debug */ = {
			isa = XCBuildConfiguration;
			buildSettings = {
				ALWAYS_SEARCH_USER_PATHS = NO;
				CLANG_ANALYZER_NONNULL = YES;
				CLANG_ANALYZER_NUMBER_OBJECT_CONVERSION = YES_AGGRESSIVE;
				CLANG_CXX_LANGUAGE_STANDARD = "gnu++20";
				CLANG_ENABLE_MODULES = YES;
				CLANG_ENABLE_OBJC_ARC = YES;
				CLANG_ENABLE_OBJC_WEAK = YES;
				CLANG_WARN_BLOCK_CAPTURE_AUTORELEASING = YES;
				CLANG_WARN_BOOL_CONVERSION = YES;
				CLANG_WARN_COMMA = YES;
				CLANG_WARN_CONSTANT_CONVERSION = YES;
				CLANG_WARN_DEPRECATED_OBJC_IMPLEMENTATIONS = YES;
				CLANG_WARN_DIRECT_OBJC_ISA_USAGE = YES_ERROR;
				CLANG_WARN_DOCUMENTATION_COMMENTS = YES;
				CLANG_WARN_EMPTY_BODY = YES;
				CLANG_WARN_ENUM_CONVERSION = YES;
				CLANG_WARN_INFINITE_RECURSION = YES;
				CLANG_WARN_INT_CONVERSION = YES;
				CLANG_WARN_NON_LITERAL_NULL_CONVERSION = YES;
				CLANG_WARN_OBJC_IMPLICIT_RETAIN_SELF = YES;
				CLANG_WARN_OBJC_LITERAL_CONVERSION = YES;
				CLANG_WARN_OBJC_ROOT_CLASS = YES_ERROR;
				CLANG_WARN_QUOTED_INCLUDE_IN_FRAMEWORK_HEADER = YES;
				CLANG_WARN_RANGE_LOOP_ANALYSIS = YES;
				CLANG_WARN_STRICT_PROTOTYPES = YES;
				CLANG_WARN_SUSPICIOUS_MOVE = YES;
				CLANG_WARN_UNGUARDED_AVAILABILITY = YES_AGGRESSIVE;
				CLANG_WARN_UNREACHABLE_CODE = YES;
				CLANG_WARN__DUPLICATE_METHOD_MATCH = YES;
				COPY_PHASE_STRIP = NO;
				DEBUG_INFORMATION_FORMAT = dwarf;
				ENABLE_STRICT_OBJC_MSGSEND = YES;
				ENABLE_TESTABILITY = YES;
				GCC_C_LANGUAGE_STANDARD = gnu11;
				GCC_DYNAMIC_NO_PIC = NO;
				GCC_NO_COMMON_BLOCKS = YES;
				GCC_OPTIMIZATION_LEVEL = 0;
				GCC_PREPROCESSOR_DEFINITIONS = (
					"DEBUG=1",
					"$(inherited)",
				);
				GCC_WARN_64_TO_32_BIT_CONVERSION = YES;
				GCC_WARN_ABOUT_RETURN_TYPE = YES_ERROR;
				GCC_WARN_UNDECLARED_SELECTOR = YES;
				GCC_WARN_UNINITIALIZED_AUTOS = YES_AGGRESSIVE;
				GCC_WARN_UNUSED_FUNCTION = YES;
				GCC_WARN_UNUSED_VARIABLE = YES;
				IPHONEOS_DEPLOYMENT_TARGET = 16.4;
				MTL_ENABLE_DEBUG_INFO = INCLUDE_SOURCE;
				MTL_FAST_MATH = YES;
				ONLY_ACTIVE_ARCH = YES;
				SDKROOT = iphoneos;
				SWIFT_ACTIVE_COMPILATION_CONDITIONS = DEBUG;
				SWIFT_OPTIMIZATION_LEVEL = "-Onone";
			};
			name = Debug;
		};
		19E57EB62A699C4500D8639F /* Release */ = {
			isa = XCBuildConfiguration;
			buildSettings = {
				ALWAYS_SEARCH_USER_PATHS = NO;
				CLANG_ANALYZER_NONNULL = YES;
				CLANG_ANALYZER_NUMBER_OBJECT_CONVERSION = YES_AGGRESSIVE;
				CLANG_CXX_LANGUAGE_STANDARD = "gnu++20";
				CLANG_ENABLE_MODULES = YES;
				CLANG_ENABLE_OBJC_ARC = YES;
				CLANG_ENABLE_OBJC_WEAK = YES;
				CLANG_WARN_BLOCK_CAPTURE_AUTORELEASING = YES;
				CLANG_WARN_BOOL_CONVERSION = YES;
				CLANG_WARN_COMMA = YES;
				CLANG_WARN_CONSTANT_CONVERSION = YES;
				CLANG_WARN_DEPRECATED_OBJC_IMPLEMENTATIONS = YES;
				CLANG_WARN_DIRECT_OBJC_ISA_USAGE = YES_ERROR;
				CLANG_WARN_DOCUMENTATION_COMMENTS = YES;
				CLANG_WARN_EMPTY_BODY = YES;
				CLANG_WARN_ENUM_CONVERSION = YES;
				CLANG_WARN_INFINITE_RECURSION = YES;
				CLANG_WARN_INT_CONVERSION = YES;
				CLANG_WARN_NON_LITERAL_NULL_CONVERSION = YES;
				CLANG_WARN_OBJC_IMPLICIT_RETAIN_SELF = YES;
				CLANG_WARN_OBJC_LITERAL_CONVERSION = YES;
				CLANG_WARN_OBJC_ROOT_CLASS = YES_ERROR;
				CLANG_WARN_QUOTED_INCLUDE_IN_FRAMEWORK_HEADER = YES;
				CLANG_WARN_RANGE_LOOP_ANALYSIS = YES;
				CLANG_WARN_STRICT_PROTOTYPES = YES;
				CLANG_WARN_SUSPICIOUS_MOVE = YES;
				CLANG_WARN_UNGUARDED_AVAILABILITY = YES_AGGRESSIVE;
				CLANG_WARN_UNREACHABLE_CODE = YES;
				CLANG_WARN__DUPLICATE_METHOD_MATCH = YES;
				COPY_PHASE_STRIP = NO;
				DEBUG_INFORMATION_FORMAT = "dwarf-with-dsym";
				ENABLE_NS_ASSERTIONS = NO;
				ENABLE_STRICT_OBJC_MSGSEND = YES;
				GCC_C_LANGUAGE_STANDARD = gnu11;
				GCC_NO_COMMON_BLOCKS = YES;
				GCC_WARN_64_TO_32_BIT_CONVERSION = YES;
				GCC_WARN_ABOUT_RETURN_TYPE = YES_ERROR;
				GCC_WARN_UNDECLARED_SELECTOR = YES;
				GCC_WARN_UNINITIALIZED_AUTOS = YES_AGGRESSIVE;
				GCC_WARN_UNUSED_FUNCTION = YES;
				GCC_WARN_UNUSED_VARIABLE = YES;
				IPHONEOS_DEPLOYMENT_TARGET = 16.4;
				MTL_ENABLE_DEBUG_INFO = NO;
				MTL_FAST_MATH = YES;
				SDKROOT = iphoneos;
				SWIFT_COMPILATION_MODE = wholemodule;
				SWIFT_OPTIMIZATION_LEVEL = "-O";
				VALIDATE_PRODUCT = YES;
			};
			name = Release;
		};
		19E57EB82A699C4500D8639F /* Debug */ = {
			isa = XCBuildConfiguration;
			buildSettings = {
				ASSETCATALOG_COMPILER_APPICON_NAME = AppIcon;
				ASSETCATALOG_COMPILER_GLOBAL_ACCENT_COLOR_NAME = AccentColor;
				CODE_SIGN_STYLE = Automatic;
				CURRENT_PROJECT_VERSION = 1;
				DEVELOPMENT_TEAM = A2LLH93JJN;
				GENERATE_INFOPLIST_FILE = YES;
				INFOPLIST_FILE = SessionWatcher/Info.plist;
				INFOPLIST_KEY_UIApplicationSupportsIndirectInputEvents = YES;
				INFOPLIST_KEY_UILaunchStoryboardName = LaunchScreen;
				INFOPLIST_KEY_UIMainStoryboardFile = Main;
				INFOPLIST_KEY_UISupportedInterfaceOrientations_iPad = "UIInterfaceOrientationPortrait UIInterfaceOrientationPortraitUpsideDown UIInterfaceOrientationLandscapeLeft UIInterfaceOrientationLandscapeRight";
				INFOPLIST_KEY_UISupportedInterfaceOrientations_iPhone = "UIInterfaceOrientationPortrait UIInterfaceOrientationLandscapeLeft UIInterfaceOrientationLandscapeRight";
				LD_RUNPATH_SEARCH_PATHS = (
					"$(inherited)",
					"@executable_path/Frameworks",
				);
				MARKETING_VERSION = 1.0;
				PRODUCT_BUNDLE_IDENTIFIER = com.vijay.SessionWatcher;
				PRODUCT_NAME = "$(TARGET_NAME)";
				SWIFT_EMIT_LOC_STRINGS = YES;
				SWIFT_VERSION = 5.0;
				TARGETED_DEVICE_FAMILY = "1,2";
			};
			name = Debug;
		};
		19E57EB92A699C4500D8639F /* Release */ = {
			isa = XCBuildConfiguration;
			buildSettings = {
				ASSETCATALOG_COMPILER_APPICON_NAME = AppIcon;
				ASSETCATALOG_COMPILER_GLOBAL_ACCENT_COLOR_NAME = AccentColor;
				CODE_SIGN_STYLE = Automatic;
				CURRENT_PROJECT_VERSION = 1;
				DEVELOPMENT_TEAM = A2LLH93JJN;
				GENERATE_INFOPLIST_FILE = YES;
				INFOPLIST_FILE = SessionWatcher/Info.plist;
				INFOPLIST_KEY_UIApplicationSupportsIndirectInputEvents = YES;
				INFOPLIST_KEY_UILaunchStoryboardName = LaunchScreen;
				INFOPLIST_KEY_UIMainStoryboardFile = Main;
				INFOPLIST_KEY_UISupportedInterfaceOrientations_iPad = "UIInterfaceOrientationPortrait UIInterfaceOrientationPortraitUpsideDown UIInterfaceOrientationLandscapeLeft UIInterfaceOrientationLandscapeRight";
				INFOPLIST_KEY_UISupportedInterfaceOrientations_iPhone = "UIInterfaceOrientationPortrait UIInterfaceOrientationLandscapeLeft UIInterfaceOrientationLandscapeRight";
				LD_RUNPATH_SEARCH_PATHS = (
					"$(inherited)",
					"@executable_path/Frameworks",
				);
				MARKETING_VERSION = 1.0;
				PRODUCT_BUNDLE_IDENTIFIER = com.vijay.SessionWatcher;
				PRODUCT_NAME = "$(TARGET_NAME)";
				SWIFT_EMIT_LOC_STRINGS = YES;
				SWIFT_VERSION = 5.0;
				TARGETED_DEVICE_FAMILY = "1,2";
			};
			name = Release;
		};
/* End XCBuildConfiguration section */

/* Begin XCConfigurationList section */
		19E57E9E2A699C4300D8639F /* Build configuration list for PBXProject "SessionWatcher" */ = {
			isa = XCConfigurationList;
			buildConfigurations = (
				19E57EB52A699C4500D8639F /* Debug */,
				19E57EB62A699C4500D8639F /* Release */,
			);
			defaultConfigurationIsVisible = 0;
			defaultConfigurationName = Release;
		};
		19E57EB72A699C4500D8639F /* Build configuration list for PBXNativeTarget "SessionWatcher" */ = {
			isa = XCConfigurationList;
			buildConfigurations = (
				19E57EB82A699C4500D8639F /* Debug */,
				19E57EB92A699C4500D8639F /* Release */,
			);
			defaultConfigurationIsVisible = 0;
			defaultConfigurationName = Release;
		};
/* End XCConfigurationList section */
	};
	rootObject = 19E57E9B2A699C4300D8639F /* Project object */;
}
